
Microsoft Visual Studio Solution File, Format Version 12.00
# Visual Studio Version 17
VisualStudioVersion = 17.2.32519.379
MinimumVisualStudioVersion = 10.0.40219.1
Project("{FAE04EC0-301F-11D3-BF4B-00C04F79EFBC}") = "pryRodriguezBaseDatos", "pryRodriguezBaseDatos\pryRodriguezBaseDatos.csproj", "{871E9D2F-4689-484B-8AD8-79E24371A7AB}"
EndProject
Global
	GlobalSection(SolutionConfigurationPlatforms) = preSolution
		Debug|Any CPU = Debug|Any CPU
		Release|Any CPU = Release|Any CPU
	EndGlobalSection
	GlobalSection(ProjectConfigurationPlatforms) = postSolution
		{871E9D2F-4689-484B-8AD8-79E24371A7AB}.Debug|Any CPU.ActiveCfg = Debug|Any CPU
		{871E9D2F-4689-484B-8AD8-79E24371A7AB}.Debug|Any CPU.Build.0 = Debug|Any CPU
		{871E9D2F-4689-484B-8AD8-79E24371A7AB}.Release|Any CPU.ActiveCfg = Release|Any CPU
		{871E9D2F-4689-484B-8AD8-79E24371A7AB}.Release|Any CPU.Build.0 = Release|Any CPU
	EndGlobalSection
	GlobalSection(SolutionProperties) = preSolution
		HideSolutionNode = FALSE
	EndGlobalSection
	GlobalSection(ExtensibilityGlobals) = postSolution
		SolutionGuid = {AF978894-42BF-4D2A-ADB3-A6DD8874CA4E}
	EndGlobalSection
EndGlobal
